
Microsoft Visual Studio Solution File, Format Version 12.00
# Visual Studio 14
VisualStudioVersion = 14.0.25123.0
MinimumVisualStudioVersion = 10.0.40219.1
Project("{FAE04EC0-301F-11D3-BF4B-00C04F79EFBC}") = "Association", "Association\Association.csproj", "{AB0D0BB2-AE19-4827-8763-67EC51542EE8}"
EndProject
Project("{FAE04EC0-301F-11D3-BF4B-00C04F79EFBC}") = "Aggregation", "Aggregation\Aggregation.csproj", "{2A905E8D-25C8-438A-835C-41D1D2FB8CB2}"
EndProject
Project("{FAE04EC0-301F-11D3-BF4B-00C04F79EFBC}") = "Composition", "Composition\Composition.csproj", "{7FC1CF12-4ECF-4BA4-9631-5C0A907FBC3B}"
EndProject
Project("{FAE04EC0-301F-11D3-BF4B-00C04F79EFBC}") = "Encapsulation", "Encapsulation\Encapsulation.csproj", "{C2176AC5-8B13-4DD5-9354-3D83D4DB721C}"
EndProject
Project("{FAE04EC0-301F-11D3-BF4B-00C04F79EFBC}") = "Inheritance", "Inheritance\Inheritance.csproj", "{CA92B098-1210-4DEA-B872-FD1F5A16E276}"
EndProject
Global
	GlobalSection(SolutionConfigurationPlatforms) = preSolution
		Debug|Any CPU = Debug|Any CPU
		Release|Any CPU = Release|Any CPU
	EndGlobalSection
	GlobalSection(ProjectConfigurationPlatforms) = postSolution
		{AB0D0BB2-AE19-4827-8763-67EC51542EE8}.Debug|Any CPU.ActiveCfg = Debug|Any CPU
		{AB0D0BB2-AE19-4827-8763-67EC51542EE8}.Debug|Any CPU.Build.0 = Debug|Any CPU
		{AB0D0BB2-AE19-4827-8763-67EC51542EE8}.Release|Any CPU.ActiveCfg = Release|Any CPU
		{AB0D0BB2-AE19-4827-8763-67EC51542EE8}.Release|Any CPU.Build.0 = Release|Any CPU
		{2A905E8D-25C8-438A-835C-41D1D2FB8CB2}.Debug|Any CPU.ActiveCfg = Debug|Any CPU
		{2A905E8D-25C8-438A-835C-41D1D2FB8CB2}.Debug|Any CPU.Build.0 = Debug|Any CPU
		{2A905E8D-25C8-438A-835C-41D1D2FB8CB2}.Release|Any CPU.ActiveCfg = Release|Any CPU
		{2A905E8D-25C8-438A-835C-41D1D2FB8CB2}.Release|Any CPU.Build.0 = Release|Any CPU
		{7FC1CF12-4ECF-4BA4-9631-5C0A907FBC3B}.Debug|Any CPU.ActiveCfg = Debug|Any CPU
		{7FC1CF12-4ECF-4BA4-9631-5C0A907FBC3B}.Debug|Any CPU.Build.0 = Debug|Any CPU
		{7FC1CF12-4ECF-4BA4-9631-5C0A907FBC3B}.Release|Any CPU.ActiveCfg = Release|Any CPU
		{7FC1CF12-4ECF-4BA4-9631-5C0A907FBC3B}.Release|Any CPU.Build.0 = Release|Any CPU
		{C2176AC5-8B13-4DD5-9354-3D83D4DB721C}.Debug|Any CPU.ActiveCfg = Debug|Any CPU
		{C2176AC5-8B13-4DD5-9354-3D83D4DB721C}.Debug|Any CPU.Build.0 = Debug|Any CPU
		{C2176AC5-8B13-4DD5-9354-3D83D4DB721C}.Release|Any CPU.ActiveCfg = Release|Any CPU
		{C2176AC5-8B13-4DD5-9354-3D83D4DB721C}.Release|Any CPU.Build.0 = Release|Any CPU
		{CA92B098-1210-4DEA-B872-FD1F5A16E276}.Debug|Any CPU.ActiveCfg = Debug|Any CPU
		{CA92B098-1210-4DEA-B872-FD1F5A16E276}.Debug|Any CPU.Build.0 = Debug|Any CPU
		{CA92B098-1210-4DEA-B872-FD1F5A16E276}.Release|Any CPU.ActiveCfg = Release|Any CPU
		{CA92B098-1210-4DEA-B872-FD1F5A16E276}.Release|Any CPU.Build.0 = Release|Any CPU
	EndGlobalSection
	GlobalSection(SolutionProperties) = preSolution
		HideSolutionNode = FALSE
	EndGlobalSection
EndGlobal
